
Microsoft Visual Studio Solution File, Format Version 12.00
# Visual Studio 15
VisualStudioVersion = 15.0.26430.12
MinimumVisualStudioVersion = 10.0.40219.1
Project("{FAE04EC0-301F-11D3-BF4B-00C04F79EFBC}") = "RETouch", "RETouch\RETouch.csproj", "{0F8BD07D-953D-49D5-98AA-FA3D5AE867CF}"
EndProject
Project("{FAE04EC0-301F-11D3-BF4B-00C04F79EFBC}") = "libResx", "libResx\libResx.csproj", "{D6FD430F-7647-4C0C-94E6-98B67264E9D0}"
EndProject
Global
	GlobalSection(SolutionConfigurationPlatforms) = preSolution
		Debug|Any CPU = Debug|Any CPU
		Release|Any CPU = Release|Any CPU
	EndGlobalSection
	GlobalSection(ProjectConfigurationPlatforms) = postSolution
		{0F8BD07D-953D-49D5-98AA-FA3D5AE867CF}.Debug|Any CPU.ActiveCfg = Debug|Any CPU
		{0F8BD07D-953D-49D5-98AA-FA3D5AE867CF}.Debug|Any CPU.Build.0 = Debug|Any CPU
		{0F8BD07D-953D-49D5-98AA-FA3D5AE867CF}.Release|Any CPU.ActiveCfg = Release|Any CPU
		{0F8BD07D-953D-49D5-98AA-FA3D5AE867CF}.Release|Any CPU.Build.0 = Release|Any CPU
		{D6FD430F-7647-4C0C-94E6-98B67264E9D0}.Debug|Any CPU.ActiveCfg = Debug|Any CPU
		{D6FD430F-7647-4C0C-94E6-98B67264E9D0}.Debug|Any CPU.Build.0 = Debug|Any CPU
		{D6FD430F-7647-4C0C-94E6-98B67264E9D0}.Release|Any CPU.ActiveCfg = Release|Any CPU
		{D6FD430F-7647-4C0C-94E6-98B67264E9D0}.Release|Any CPU.Build.0 = Release|Any CPU
	EndGlobalSection
	GlobalSection(SolutionProperties) = preSolution
		HideSolutionNode = FALSE
	EndGlobalSection
	GlobalSection(ExtensibilityGlobals) = postSolution
		SolutionGuid = {77149B26-5BFD-4156-9C98-66D15A21EFC0}
	EndGlobalSection
EndGlobal
